// !$*UTF8*$!
{
	archiveVersion = 1;
	classes = {
	};
	objectVersion = 55;
	objects = {

/* Begin PBXBuildFile section */
		1C3620C0284399B20009FAF3 /* NetworkManager.swift in Sources */ = {isa = PBXBuildFile; fileRef = 1C3620BF284399B20009FAF3 /* NetworkManager.swift */; };
		1C5D08F028350CE90069FC63 /* AppDelegate.swift in Sources */ = {isa = PBXBuildFile; fileRef = 1C5D08EF28350CE90069FC63 /* AppDelegate.swift */; };
		1C5D08F228350CE90069FC63 /* SceneDelegate.swift in Sources */ = {isa = PBXBuildFile; fileRef = 1C5D08F128350CE90069FC63 /* SceneDelegate.swift */; };
		1C5D08F428350CE90069FC63 /* ViewController.swift in Sources */ = {isa = PBXBuildFile; fileRef = 1C5D08F328350CE90069FC63 /* ViewController.swift */; };
		1C5D08F728350CE90069FC63 /* Main.storyboard in Resources */ = {isa = PBXBuildFile; fileRef = 1C5D08F528350CE90069FC63 /* Main.storyboard */; };
		1C5D08F928350CEA0069FC63 /* Assets.xcassets in Resources */ = {isa = PBXBuildFile; fileRef = 1C5D08F828350CEA0069FC63 /* Assets.xcassets */; };
		1C5D08FC28350CEA0069FC63 /* LaunchScreen.storyboard in Resources */ = {isa = PBXBuildFile; fileRef = 1C5D08FA28350CEA0069FC63 /* LaunchScreen.storyboard */; };
		1C5D0905283512D20069FC63 /* MovieCell.swift in Sources */ = {isa = PBXBuildFile; fileRef = 1C5D0904283512D20069FC63 /* MovieCell.swift */; };
		1C5D0909283520020069FC63 /* Movie.swift in Sources */ = {isa = PBXBuildFile; fileRef = 1C5D0908283520020069FC63 /* Movie.swift */; };
		1C761876283CCDC200A17F60 /* CastMemberViewController.swift in Sources */ = {isa = PBXBuildFile; fileRef = 1C761875283CCDC200A17F60 /* CastMemberViewController.swift */; };
		1C76187F283E395000A17F60 /* MainViewController.swift in Sources */ = {isa = PBXBuildFile; fileRef = 1C76187E283E395000A17F60 /* MainViewController.swift */; };
		1C76188C283E5E4D00A17F60 /* MovieTableViewCell.swift in Sources */ = {isa = PBXBuildFile; fileRef = 1C76188A283E5E4D00A17F60 /* MovieTableViewCell.swift */; };
		1C76188D283E5E4D00A17F60 /* MovieTableViewCell.xib in Resources */ = {isa = PBXBuildFile; fileRef = 1C76188B283E5E4D00A17F60 /* MovieTableViewCell.xib */; };
		1C761892283E61EE00A17F60 /* MovieCollectionViewCell.swift in Sources */ = {isa = PBXBuildFile; fileRef = 1C761890283E61EE00A17F60 /* MovieCollectionViewCell.swift */; };
		1C761893283E61EE00A17F60 /* MovieCollectionViewCell.xib in Resources */ = {isa = PBXBuildFile; fileRef = 1C761891283E61EE00A17F60 /* MovieCollectionViewCell.xib */; };
		1CBA764C285064260069BEAE /* Alamofire in Frameworks */ = {isa = PBXBuildFile; productRef = 1CBA764B285064260069BEAE /* Alamofire */; };
		1CD1FDAB2850BB49008D294C /* NetworkManagerAF.swift in Sources */ = {isa = PBXBuildFile; fileRef = 1CD1FDAA2850BB49008D294C /* NetworkManagerAF.swift */; };
		1CDB6DD928361FD600D34BFA /* DescriptionViewController.swift in Sources */ = {isa = PBXBuildFile; fileRef = 1CDB6DD828361FD600D34BFA /* DescriptionViewController.swift */; };
		1CDB6DDB28364C7E00D34BFA /* CastCell.swift in Sources */ = {isa = PBXBuildFile; fileRef = 1CDB6DDA28364C7E00D34BFA /* CastCell.swift */; };
		1CDB6DDD28364C9700D34BFA /* Cast.swift in Sources */ = {isa = PBXBuildFile; fileRef = 1CDB6DDC28364C9700D34BFA /* Cast.swift */; };
		1CDB6DDF283675C000D34BFA /* GenreCell.swift in Sources */ = {isa = PBXBuildFile; fileRef = 1CDB6DDE283675C000D34BFA /* GenreCell.swift */; };
		1CDB6DE1283675D100D34BFA /* Genre.swift in Sources */ = {isa = PBXBuildFile; fileRef = 1CDB6DE0283675D100D34BFA /* Genre.swift */; };
		D97FFFB9D18783974B04E8CA /* Pods_Movies.framework in Frameworks */ = {isa = PBXBuildFile; fileRef = 536B18D602A317AF8951DAD2 /* Pods_Movies.framework */; };
/* End PBXBuildFile section */

/* Begin PBXFileReference section */
		1C3620BF284399B20009FAF3 /* NetworkManager.swift */ = {isa = PBXFileReference; lastKnownFileType = sourcecode.swift; path = NetworkManager.swift; sourceTree = "<group>"; };
		1C5D08EC28350CE90069FC63 /* Movies.app */ = {isa = PBXFileReference; explicitFileType = wrapper.application; includeInIndex = 0; path = Movies.app; sourceTree = BUILT_PRODUCTS_DIR; };
		1C5D08EF28350CE90069FC63 /* AppDelegate.swift */ = {isa = PBXFileReference; lastKnownFileType = sourcecode.swift; path = AppDelegate.swift; sourceTree = "<group>"; };
		1C5D08F128350CE90069FC63 /* SceneDelegate.swift */ = {isa = PBXFileReference; lastKnownFileType = sourcecode.swift; path = SceneDelegate.swift; sourceTree = "<group>"; };
		1C5D08F328350CE90069FC63 /* ViewController.swift */ = {isa = PBXFileReference; lastKnownFileType = sourcecode.swift; path = ViewController.swift; sourceTree = "<group>"; };
		1C5D08F628350CE90069FC63 /* Base */ = {isa = PBXFileReference; lastKnownFileType = file.storyboard; name = Base; path = Base.lproj/Main.storyboard; sourceTree = "<group>"; };
		1C5D08F828350CEA0069FC63 /* Assets.xcassets */ = {isa = PBXFileReference; lastKnownFileType = folder.assetcatalog; path = Assets.xcassets; sourceTree = "<group>"; };
		1C5D08FB28350CEA0069FC63 /* Base */ = {isa = PBXFileReference; lastKnownFileType = file.storyboard; name = Base; path = Base.lproj/LaunchScreen.storyboard; sourceTree = "<group>"; };
		1C5D08FD28350CEA0069FC63 /* Info.plist */ = {isa = PBXFileReference; lastKnownFileType = text.plist.xml; path = Info.plist; sourceTree = "<group>"; };
		1C5D0904283512D20069FC63 /* MovieCell.swift */ = {isa = PBXFileReference; lastKnownFileType = sourcecode.swift; path = MovieCell.swift; sourceTree = "<group>"; };
		1C5D0908283520020069FC63 /* Movie.swift */ = {isa = PBXFileReference; lastKnownFileType = sourcecode.swift; path = Movie.swift; sourceTree = "<group>"; };
		1C761875283CCDC200A17F60 /* CastMemberViewController.swift */ = {isa = PBXFileReference; lastKnownFileType = sourcecode.swift; path = CastMemberViewController.swift; sourceTree = "<group>"; };
		1C76187E283E395000A17F60 /* MainViewController.swift */ = {isa = PBXFileReference; lastKnownFileType = sourcecode.swift; path = MainViewController.swift; sourceTree = "<group>"; };
		1C76188A283E5E4D00A17F60 /* MovieTableViewCell.swift */ = {isa = PBXFileReference; lastKnownFileType = sourcecode.swift; path = MovieTableViewCell.swift; sourceTree = "<group>"; };
		1C76188B283E5E4D00A17F60 /* MovieTableViewCell.xib */ = {isa = PBXFileReference; lastKnownFileType = file.xib; path = MovieTableViewCell.xib; sourceTree = "<group>"; };
		1C761890283E61EE00A17F60 /* MovieCollectionViewCell.swift */ = {isa = PBXFileReference; lastKnownFileType = sourcecode.swift; path = MovieCollectionViewCell.swift; sourceTree = "<group>"; };
		1C761891283E61EE00A17F60 /* MovieCollectionViewCell.xib */ = {isa = PBXFileReference; lastKnownFileType = file.xib; path = MovieCollectionViewCell.xib; sourceTree = "<group>"; };
		1CD1FDAA2850BB49008D294C /* NetworkManagerAF.swift */ = {isa = PBXFileReference; lastKnownFileType = sourcecode.swift; path = NetworkManagerAF.swift; sourceTree = "<group>"; };
		1CDB6DD828361FD600D34BFA /* DescriptionViewController.swift */ = {isa = PBXFileReference; lastKnownFileType = sourcecode.swift; path = DescriptionViewController.swift; sourceTree = "<group>"; };
		1CDB6DDA28364C7E00D34BFA /* CastCell.swift */ = {isa = PBXFileReference; lastKnownFileType = sourcecode.swift; path = CastCell.swift; sourceTree = "<group>"; };
		1CDB6DDC28364C9700D34BFA /* Cast.swift */ = {isa = PBXFileReference; lastKnownFileType = sourcecode.swift; path = Cast.swift; sourceTree = "<group>"; };
		1CDB6DDE283675C000D34BFA /* GenreCell.swift */ = {isa = PBXFileReference; lastKnownFileType = sourcecode.swift; path = GenreCell.swift; sourceTree = "<group>"; };
		1CDB6DE0283675D100D34BFA /* Genre.swift */ = {isa = PBXFileReference; lastKnownFileType = sourcecode.swift; path = Genre.swift; sourceTree = "<group>"; };
		200B910DFEE86648689C2AA9 /* Pods-Movies.release.xcconfig */ = {isa = PBXFileReference; includeInIndex = 1; lastKnownFileType = text.xcconfig; name = "Pods-Movies.release.xcconfig"; path = "Target Support Files/Pods-Movies/Pods-Movies.release.xcconfig"; sourceTree = "<group>"; };
		38985313770D47DF76FD005C /* Pods-Movies.debug.xcconfig */ = {isa = PBXFileReference; includeInIndex = 1; lastKnownFileType = text.xcconfig; name = "Pods-Movies.debug.xcconfig"; path = "Target Support Files/Pods-Movies/Pods-Movies.debug.xcconfig"; sourceTree = "<group>"; };
		536B18D602A317AF8951DAD2 /* Pods_Movies.framework */ = {isa = PBXFileReference; explicitFileType = wrapper.framework; includeInIndex = 0; path = Pods_Movies.framework; sourceTree = BUILT_PRODUCTS_DIR; };
/* End PBXFileReference section */

/* Begin PBXFrameworksBuildPhase section */
		1C5D08E928350CE90069FC63 /* Frameworks */ = {
			isa = PBXFrameworksBuildPhase;
			buildActionMask = 2147483647;
			files = (
				D97FFFB9D18783974B04E8CA /* Pods_Movies.framework in Frameworks */,
				1CBA764C285064260069BEAE /* Alamofire in Frameworks */,
			);
			runOnlyForDeploymentPostprocessing = 0;
		};
/* End PBXFrameworksBuildPhase section */

/* Begin PBXGroup section */
		0C67AB18B2D7095138E63B13 /* Frameworks */ = {
			isa = PBXGroup;
			children = (
				536B18D602A317AF8951DAD2 /* Pods_Movies.framework */,
			);
			name = Frameworks;
			sourceTree = "<group>";
		};
		1C5D08E328350CE90069FC63 = {
			isa = PBXGroup;
			children = (
				1C5D08EE28350CE90069FC63 /* Movies */,
				1C5D08ED28350CE90069FC63 /* Products */,
				BA0724270378C12E909BF65A /* Pods */,
				0C67AB18B2D7095138E63B13 /* Frameworks */,
			);
			sourceTree = "<group>";
		};
		1C5D08ED28350CE90069FC63 /* Products */ = {
			isa = PBXGroup;
			children = (
				1C5D08EC28350CE90069FC63 /* Movies.app */,
			);
			name = Products;
			sourceTree = "<group>";
		};
		1C5D08EE28350CE90069FC63 /* Movies */ = {
			isa = PBXGroup;
			children = (
				1C76188F283E616200A17F60 /* MovieCollectionView */,
				1C76188E283E612C00A17F60 /* MovieTableViewCell */,
				1CDB6DE2283676F200D34BFA /* Movies */,
				1CDB6DE32836771900D34BFA /* Genres */,
				1CDB6DE42836772200D34BFA /* Casts */,
				1C761894283E620200A17F60 /* Contollers */,
				1C5D08F528350CE90069FC63 /* Main.storyboard */,
				1C5D08F828350CEA0069FC63 /* Assets.xcassets */,
				1CDB6DE52836774400D34BFA /* Others */,
				1C5D08FD28350CEA0069FC63 /* Info.plist */,
			);
			path = Movies;
			sourceTree = "<group>";
		};
		1C76188E283E612C00A17F60 /* MovieTableViewCell */ = {
			isa = PBXGroup;
			children = (
				1C76188A283E5E4D00A17F60 /* MovieTableViewCell.swift */,
				1C76188B283E5E4D00A17F60 /* MovieTableViewCell.xib */,
			);
			path = MovieTableViewCell;
			sourceTree = "<group>";
		};
		1C76188F283E616200A17F60 /* MovieCollectionView */ = {
			isa = PBXGroup;
			children = (
				1C761890283E61EE00A17F60 /* MovieCollectionViewCell.swift */,
				1C761891283E61EE00A17F60 /* MovieCollectionViewCell.xib */,
			);
			path = MovieCollectionView;
			sourceTree = "<group>";
		};
		1C761894283E620200A17F60 /* Contollers */ = {
			isa = PBXGroup;
			children = (
				1C76187E283E395000A17F60 /* MainViewController.swift */,
				1C5D08F328350CE90069FC63 /* ViewController.swift */,
				1CDB6DD828361FD600D34BFA /* DescriptionViewController.swift */,
				1C761875283CCDC200A17F60 /* CastMemberViewController.swift */,
				1CD1FDAA2850BB49008D294C /* NetworkManagerAF.swift */,
				1C3620BF284399B20009FAF3 /* NetworkManager.swift */,
			);
			path = Contollers;
			sourceTree = "<group>";
		};
		1CDB6DE2283676F200D34BFA /* Movies */ = {
			isa = PBXGroup;
			children = (
				1C5D0908283520020069FC63 /* Movie.swift */,
				1C5D0904283512D20069FC63 /* MovieCell.swift */,
			);
			path = Movies;
			sourceTree = "<group>";
		};
		1CDB6DE32836771900D34BFA /* Genres */ = {
			isa = PBXGroup;
			children = (
				1CDB6DE0283675D100D34BFA /* Genre.swift */,
				1CDB6DDE283675C000D34BFA /* GenreCell.swift */,
			);
			path = Genres;
			sourceTree = "<group>";
		};
		1CDB6DE42836772200D34BFA /* Casts */ = {
			isa = PBXGroup;
			children = (
				1CDB6DDC28364C9700D34BFA /* Cast.swift */,
				1CDB6DDA28364C7E00D34BFA /* CastCell.swift */,
			);
			path = Casts;
			sourceTree = "<group>";
		};
		1CDB6DE52836774400D34BFA /* Others */ = {
			isa = PBXGroup;
			children = (
				1C5D08EF28350CE90069FC63 /* AppDelegate.swift */,
				1C5D08F128350CE90069FC63 /* SceneDelegate.swift */,
				1C5D08FA28350CEA0069FC63 /* LaunchScreen.storyboard */,
			);
			path = Others;
			sourceTree = "<group>";
		};
		BA0724270378C12E909BF65A /* Pods */ = {
			isa = PBXGroup;
			children = (
				38985313770D47DF76FD005C /* Pods-Movies.debug.xcconfig */,
				200B910DFEE86648689C2AA9 /* Pods-Movies.release.xcconfig */,
			);
			path = Pods;
			sourceTree = "<group>";
		};
/* End PBXGroup section */

/* Begin PBXNativeTarget section */
		1C5D08EB28350CE90069FC63 /* Movies */ = {
			isa = PBXNativeTarget;
			buildConfigurationList = 1C5D090028350CEA0069FC63 /* Build configuration list for PBXNativeTarget "Movies" */;
			buildPhases = (
				87B0B006B00617A4981B972C /* [CP] Check Pods Manifest.lock */,
				1C5D08E828350CE90069FC63 /* Sources */,
				1C5D08E928350CE90069FC63 /* Frameworks */,
				1C5D08EA28350CE90069FC63 /* Resources */,
				D0656457307312F0DD2E1E87 /* [CP] Embed Pods Frameworks */,
			);
			buildRules = (
			);
			dependencies = (
			);
			name = Movies;
			packageProductDependencies = (
				1CBA764B285064260069BEAE /* Alamofire */,
			);
			productName = Movies;
			productReference = 1C5D08EC28350CE90069FC63 /* Movies.app */;
			productType = "com.apple.product-type.application";
		};
/* End PBXNativeTarget section */

/* Begin PBXProject section */
		1C5D08E428350CE90069FC63 /* Project object */ = {
			isa = PBXProject;
			attributes = {
				BuildIndependentTargetsInParallel = 1;
				LastSwiftUpdateCheck = 1330;
				LastUpgradeCheck = 1330;
				TargetAttributes = {
					1C5D08EB28350CE90069FC63 = {
						CreatedOnToolsVersion = 13.3.1;
					};
				};
			};
			buildConfigurationList = 1C5D08E728350CE90069FC63 /* Build configuration list for PBXProject "Movies" */;
			compatibilityVersion = "Xcode 13.0";
			developmentRegion = en;
			hasScannedForEncodings = 0;
			knownRegions = (
				en,
				Base,
			);
			mainGroup = 1C5D08E328350CE90069FC63;
			packageReferences = (
				1CBA764A285064260069BEAE /* XCRemoteSwiftPackageReference "Alamofire" */,
			);
			productRefGroup = 1C5D08ED28350CE90069FC63 /* Products */;
			projectDirPath = "";
			projectRoot = "";
			targets = (
				1C5D08EB28350CE90069FC63 /* Movies */,
			);
		};
/* End PBXProject section */

/* Begin PBXResourcesBuildPhase section */
		1C5D08EA28350CE90069FC63 /* Resources */ = {
			isa = PBXResourcesBuildPhase;
			buildActionMask = 2147483647;
			files = (
				1C761893283E61EE00A17F60 /* MovieCollectionViewCell.xib in Resources */,
				1C5D08FC28350CEA0069FC63 /* LaunchScreen.storyboard in Resources */,
				1C5D08F928350CEA0069FC63 /* Assets.xcassets in Resources */,
				1C76188D283E5E4D00A17F60 /* MovieTableViewCell.xib in Resources */,
				1C5D08F728350CE90069FC63 /* Main.storyboard in Resources */,
			);
			runOnlyForDeploymentPostprocessing = 0;
		};
/* End PBXResourcesBuildPhase section */

/* Begin PBXShellScriptBuildPhase section */
		87B0B006B00617A4981B972C /* [CP] Check Pods Manifest.lock */ = {
			isa = PBXShellScriptBuildPhase;
			buildActionMask = 2147483647;
			files = (
			);
			inputFileListPaths = (
			);
			inputPaths = (
				"${PODS_PODFILE_DIR_PATH}/Podfile.lock",
				"${PODS_ROOT}/Manifest.lock",
			);
			name = "[CP] Check Pods Manifest.lock";
			outputFileListPaths = (
			);
			outputPaths = (
				"$(DERIVED_FILE_DIR)/Pods-Movies-checkManifestLockResult.txt",
			);
			runOnlyForDeploymentPostprocessing = 0;
			shellPath = /bin/sh;
			shellScript = "diff \"${PODS_PODFILE_DIR_PATH}/Podfile.lock\" \"${PODS_ROOT}/Manifest.lock\" > /dev/null\nif [ $? != 0 ] ; then\n    # print error to STDERR\n    echo \"error: The sandbox is not in sync with the Podfile.lock. Run 'pod install' or update your CocoaPods installation.\" >&2\n    exit 1\nfi\n# This output is used by Xcode 'outputs' to avoid re-running this script phase.\necho \"SUCCESS\" > \"${SCRIPT_OUTPUT_FILE_0}\"\n";
			showEnvVarsInLog = 0;
		};
		D0656457307312F0DD2E1E87 /* [CP] Embed Pods Frameworks */ = {
			isa = PBXShellScriptBuildPhase;
			buildActionMask = 2147483647;
			files = (
			);
			inputFileListPaths = (
				"${PODS_ROOT}/Target Support Files/Pods-Movies/Pods-Movies-frameworks-${CONFIGURATION}-input-files.xcfilelist",
			);
			name = "[CP] Embed Pods Frameworks";
			outputFileListPaths = (
				"${PODS_ROOT}/Target Support Files/Pods-Movies/Pods-Movies-frameworks-${CONFIGURATION}-output-files.xcfilelist",
			);
			runOnlyForDeploymentPostprocessing = 0;
			shellPath = /bin/sh;
			shellScript = "\"${PODS_ROOT}/Target Support Files/Pods-Movies/Pods-Movies-frameworks.sh\"\n";
			showEnvVarsInLog = 0;
		};
/* End PBXShellScriptBuildPhase section */

/* Begin PBXSourcesBuildPhase section */
		1C5D08E828350CE90069FC63 /* Sources */ = {
			isa = PBXSourcesBuildPhase;
			buildActionMask = 2147483647;
			files = (
				1C5D0909283520020069FC63 /* Movie.swift in Sources */,
				1CDB6DE1283675D100D34BFA /* Genre.swift in Sources */,
				1C5D08F428350CE90069FC63 /* ViewController.swift in Sources */,
				1CD1FDAB2850BB49008D294C /* NetworkManagerAF.swift in Sources */,
				1C5D08F028350CE90069FC63 /* AppDelegate.swift in Sources */,
				1CDB6DD928361FD600D34BFA /* DescriptionViewController.swift in Sources */,
				1C76187F283E395000A17F60 /* MainViewController.swift in Sources */,
				1CDB6DDD28364C9700D34BFA /* Cast.swift in Sources */,
				1C761876283CCDC200A17F60 /* CastMemberViewController.swift in Sources */,
				1CDB6DDF283675C000D34BFA /* GenreCell.swift in Sources */,
				1C5D08F228350CE90069FC63 /* SceneDelegate.swift in Sources */,
				1C76188C283E5E4D00A17F60 /* MovieTableViewCell.swift in Sources */,
				1C5D0905283512D20069FC63 /* MovieCell.swift in Sources */,
				1C3620C0284399B20009FAF3 /* NetworkManager.swift in Sources */,
				1CDB6DDB28364C7E00D34BFA /* CastCell.swift in Sources */,
				1C761892283E61EE00A17F60 /* MovieCollectionViewCell.swift in Sources */,
			);
			runOnlyForDeploymentPostprocessing = 0;
		};
/* End PBXSourcesBuildPhase section */

/* Begin PBXVariantGroup section */
		1C5D08F528350CE90069FC63 /* Main.storyboard */ = {
			isa = PBXVariantGroup;
			children = (
				1C5D08F628350CE90069FC63 /* Base */,
			);
			name = Main.storyboard;
			sourceTree = "<group>";
		};
		1C5D08FA28350CEA0069FC63 /* LaunchScreen.storyboard */ = {
			isa = PBXVariantGroup;
			children = (
				1C5D08FB28350CEA0069FC63 /* Base */,
			);
			name = LaunchScreen.storyboard;
			sourceTree = "<group>";
		};
/* End PBXVariantGroup section */

/* Begin XCBuildConfiguration section */
		1C5D08FE28350CEA0069FC63 /* Debug */ = {
			isa = XCBuildConfiguration;
			buildSettings = {
				ALWAYS_SEARCH_USER_PATHS = NO;
				CLANG_ANALYZER_NONNULL = YES;
				CLANG_ANALYZER_NUMBER_OBJECT_CONVERSION = YES_AGGRESSIVE;
				CLANG_CXX_LANGUAGE_STANDARD = "gnu++17";
				CLANG_ENABLE_MODULES = YES;
				CLANG_ENABLE_OBJC_ARC = YES;
				CLANG_ENABLE_OBJC_WEAK = YES;
				CLANG_WARN_BLOCK_CAPTURE_AUTORELEASING = YES;
				CLANG_WARN_BOOL_CONVERSION = YES;
				CLANG_WARN_COMMA = YES;
				CLANG_WARN_CONSTANT_CONVERSION = YES;
				CLANG_WARN_DEPRECATED_OBJC_IMPLEMENTATIONS = YES;
				CLANG_WARN_DIRECT_OBJC_ISA_USAGE = YES_ERROR;
				CLANG_WARN_DOCUMENTATION_COMMENTS = YES;
				CLANG_WARN_EMPTY_BODY = YES;
				CLANG_WARN_ENUM_CONVERSION = YES;
				CLANG_WARN_INFINITE_RECURSION = YES;
				CLANG_WARN_INT_CONVERSION = YES;
				CLANG_WARN_NON_LITERAL_NULL_CONVERSION = YES;
				CLANG_WARN_OBJC_IMPLICIT_RETAIN_SELF = YES;
				CLANG_WARN_OBJC_LITERAL_CONVERSION = YES;
				CLANG_WARN_OBJC_ROOT_CLASS = YES_ERROR;
				CLANG_WARN_QUOTED_INCLUDE_IN_FRAMEWORK_HEADER = YES;
				CLANG_WARN_RANGE_LOOP_ANALYSIS = YES;
				CLANG_WARN_STRICT_PROTOTYPES = YES;
				CLANG_WARN_SUSPICIOUS_MOVE = YES;
				CLANG_WARN_UNGUARDED_AVAILABILITY = YES_AGGRESSIVE;
				CLANG_WARN_UNREACHABLE_CODE = YES;
				CLANG_WARN__DUPLICATE_METHOD_MATCH = YES;
				COPY_PHASE_STRIP = NO;
				DEBUG_INFORMATION_FORMAT = dwarf;
				ENABLE_STRICT_OBJC_MSGSEND = YES;
				ENABLE_TESTABILITY = YES;
				GCC_C_LANGUAGE_STANDARD = gnu11;
				GCC_DYNAMIC_NO_PIC = NO;
				GCC_NO_COMMON_BLOCKS = YES;
				GCC_OPTIMIZATION_LEVEL = 0;
				GCC_PREPROCESSOR_DEFINITIONS = (
					"DEBUG=1",
					"$(inherited)",
				);
				GCC_WARN_64_TO_32_BIT_CONVERSION = YES;
				GCC_WARN_ABOUT_RETURN_TYPE = YES_ERROR;
				GCC_WARN_UNDECLARED_SELECTOR = YES;
				GCC_WARN_UNINITIALIZED_AUTOS = YES_AGGRESSIVE;
				GCC_WARN_UNUSED_FUNCTION = YES;
				GCC_WARN_UNUSED_VARIABLE = YES;
				IPHONEOS_DEPLOYMENT_TARGET = 15.1;
				MTL_ENABLE_DEBUG_INFO = INCLUDE_SOURCE;
				MTL_FAST_MATH = YES;
				ONLY_ACTIVE_ARCH = YES;
				SDKROOT = iphoneos;
				SWIFT_ACTIVE_COMPILATION_CONDITIONS = DEBUG;
				SWIFT_OPTIMIZATION_LEVEL = "-Onone";
			};
			name = Debug;
		};
		1C5D08FF28350CEA0069FC63 /* Release */ = {
			isa = XCBuildConfiguration;
			buildSettings = {
				ALWAYS_SEARCH_USER_PATHS = NO;
				CLANG_ANALYZER_NONNULL = YES;
				CLANG_ANALYZER_NUMBER_OBJECT_CONVERSION = YES_AGGRESSIVE;
				CLANG_CXX_LANGUAGE_STANDARD = "gnu++17";
				CLANG_ENABLE_MODULES = YES;
				CLANG_ENABLE_OBJC_ARC = YES;
				CLANG_ENABLE_OBJC_WEAK = YES;
				CLANG_WARN_BLOCK_CAPTURE_AUTORELEASING = YES;
				CLANG_WARN_BOOL_CONVERSION = YES;
				CLANG_WARN_COMMA = YES;
				CLANG_WARN_CONSTANT_CONVERSION = YES;
				CLANG_WARN_DEPRECATED_OBJC_IMPLEMENTATIONS = YES;
				CLANG_WARN_DIRECT_OBJC_ISA_USAGE = YES_ERROR;
				CLANG_WARN_DOCUMENTATION_COMMENTS = YES;
				CLANG_WARN_EMPTY_BODY = YES;
				CLANG_WARN_ENUM_CONVERSION = YES;
				CLANG_WARN_INFINITE_RECURSION = YES;
				CLANG_WARN_INT_CONVERSION = YES;
				CLANG_WARN_NON_LITERAL_NULL_CONVERSION = YES;
				CLANG_WARN_OBJC_IMPLICIT_RETAIN_SELF = YES;
				CLANG_WARN_OBJC_LITERAL_CONVERSION = YES;
				CLANG_WARN_OBJC_ROOT_CLASS = YES_ERROR;
				CLANG_WARN_QUOTED_INCLUDE_IN_FRAMEWORK_HEADER = YES;
				CLANG_WARN_RANGE_LOOP_ANALYSIS = YES;
				CLANG_WARN_STRICT_PROTOTYPES = YES;
				CLANG_WARN_SUSPICIOUS_MOVE = YES;
				CLANG_WARN_UNGUARDED_AVAILABILITY = YES_AGGRESSIVE;
				CLANG_WARN_UNREACHABLE_CODE = YES;
				CLANG_WARN__DUPLICATE_METHOD_MATCH = YES;
				COPY_PHASE_STRIP = NO;
				DEBUG_INFORMATION_FORMAT = "dwarf-with-dsym";
				ENABLE_NS_ASSERTIONS = NO;
				ENABLE_STRICT_OBJC_MSGSEND = YES;
				GCC_C_LANGUAGE_STANDARD = gnu11;
				GCC_NO_COMMON_BLOCKS = YES;
				GCC_WARN_64_TO_32_BIT_CONVERSION = YES;
				GCC_WARN_ABOUT_RETURN_TYPE = YES_ERROR;
				GCC_WARN_UNDECLARED_SELECTOR = YES;
				GCC_WARN_UNINITIALIZED_AUTOS = YES_AGGRESSIVE;
				GCC_WARN_UNUSED_FUNCTION = YES;
				GCC_WARN_UNUSED_VARIABLE = YES;
				IPHONEOS_DEPLOYMENT_TARGET = 15.1;
				MTL_ENABLE_DEBUG_INFO = NO;
				MTL_FAST_MATH = YES;
				SDKROOT = iphoneos;
				SWIFT_COMPILATION_MODE = wholemodule;
				SWIFT_OPTIMIZATION_LEVEL = "-O";
				VALIDATE_PRODUCT = YES;
			};
			name = Release;
		};
		1C5D090128350CEA0069FC63 /* Debug */ = {
			isa = XCBuildConfiguration;
			baseConfigurationReference = 38985313770D47DF76FD005C /* Pods-Movies.debug.xcconfig */;
			buildSettings = {
				ASSETCATALOG_COMPILER_APPICON_NAME = AppIcon;
				ASSETCATALOG_COMPILER_GLOBAL_ACCENT_COLOR_NAME = AccentColor;
				CODE_SIGN_STYLE = Automatic;
				CURRENT_PROJECT_VERSION = 1;
				DEVELOPMENT_TEAM = 8929LKR6YS;
				GENERATE_INFOPLIST_FILE = YES;
				INFOPLIST_FILE = Movies/Info.plist;
				INFOPLIST_KEY_UIApplicationSupportsIndirectInputEvents = YES;
				INFOPLIST_KEY_UILaunchStoryboardName = LaunchScreen;
				INFOPLIST_KEY_UIMainStoryboardFile = Main;
				INFOPLIST_KEY_UISupportedInterfaceOrientations_iPad = "UIInterfaceOrientationPortrait UIInterfaceOrientationPortraitUpsideDown UIInterfaceOrientationLandscapeLeft UIInterfaceOrientationLandscapeRight";
				INFOPLIST_KEY_UISupportedInterfaceOrientations_iPhone = "UIInterfaceOrientationPortrait UIInterfaceOrientationLandscapeLeft UIInterfaceOrientationLandscapeRight";
				LD_RUNPATH_SEARCH_PATHS = (
					"$(inherited)",
					"@executable_path/Frameworks",
				);
				MARKETING_VERSION = 1.0;
				PRODUCT_BUNDLE_IDENTIFIER = aida.Movies;
				PRODUCT_NAME = "$(TARGET_NAME)";
				SWIFT_EMIT_LOC_STRINGS = YES;
				SWIFT_VERSION = 5.0;
				TARGETED_DEVICE_FAMILY = "1,2";
			};
			name = Debug;
		};
		1C5D090228350CEA0069FC63 /* Release */ = {
			isa = XCBuildConfiguration;
			baseConfigurationReference = 200B910DFEE86648689C2AA9 /* Pods-Movies.release.xcconfig */;
			buildSettings = {
				ASSETCATALOG_COMPILER_APPICON_NAME = AppIcon;
				ASSETCATALOG_COMPILER_GLOBAL_ACCENT_COLOR_NAME = AccentColor;
				CODE_SIGN_STYLE = Automatic;
				CURRENT_PROJECT_VERSION = 1;
				DEVELOPMENT_TEAM = 8929LKR6YS;
				GENERATE_INFOPLIST_FILE = YES;
				INFOPLIST_FILE = Movies/Info.plist;
				INFOPLIST_KEY_UIApplicationSupportsIndirectInputEvents = YES;
				INFOPLIST_KEY_UILaunchStoryboardName = LaunchScreen;
				INFOPLIST_KEY_UIMainStoryboardFile = Main;
				INFOPLIST_KEY_UISupportedInterfaceOrientations_iPad = "UIInterfaceOrientationPortrait UIInterfaceOrientationPortraitUpsideDown UIInterfaceOrientationLandscapeLeft UIInterfaceOrientationLandscapeRight";
				INFOPLIST_KEY_UISupportedInterfaceOrientations_iPhone = "UIInterfaceOrientationPortrait UIInterfaceOrientationLandscapeLeft UIInterfaceOrientationLandscapeRight";
				LD_RUNPATH_SEARCH_PATHS = (
					"$(inherited)",
					"@executable_path/Frameworks",
				);
				MARKETING_VERSION = 1.0;
				PRODUCT_BUNDLE_IDENTIFIER = aida.Movies;
				PRODUCT_NAME = "$(TARGET_NAME)";
				SWIFT_EMIT_LOC_STRINGS = YES;
				SWIFT_VERSION = 5.0;
				TARGETED_DEVICE_FAMILY = "1,2";
			};
			name = Release;
		};
/* End XCBuildConfiguration section */

/* Begin XCConfigurationList section */
		1C5D08E728350CE90069FC63 /* Build configuration list for PBXProject "Movies" */ = {
			isa = XCConfigurationList;
			buildConfigurations = (
				1C5D08FE28350CEA0069FC63 /* Debug */,
				1C5D08FF28350CEA0069FC63 /* Release */,
			);
			defaultConfigurationIsVisible = 0;
			defaultConfigurationName = Release;
		};
		1C5D090028350CEA0069FC63 /* Build configuration list for PBXNativeTarget "Movies" */ = {
			isa = XCConfigurationList;
			buildConfigurations = (
				1C5D090128350CEA0069FC63 /* Debug */,
				1C5D090228350CEA0069FC63 /* Release */,
			);
			defaultConfigurationIsVisible = 0;
			defaultConfigurationName = Release;
		};
/* End XCConfigurationList section */

/* Begin XCRemoteSwiftPackageReference section */
		1CBA764A285064260069BEAE /* XCRemoteSwiftPackageReference "Alamofire" */ = {
			isa = XCRemoteSwiftPackageReference;
			repositoryURL = "https://github.com/Alamofire/Alamofire";
			requirement = {
				kind = upToNextMajorVersion;
				minimumVersion = 5.0.0;
			};
		};
/* End XCRemoteSwiftPackageReference section */

/* Begin XCSwiftPackageProductDependency section */
		1CBA764B285064260069BEAE /* Alamofire */ = {
			isa = XCSwiftPackageProductDependency;
			package = 1CBA764A285064260069BEAE /* XCRemoteSwiftPackageReference "Alamofire" */;
			productName = Alamofire;
		};
/* End XCSwiftPackageProductDependency section */
	};
	rootObject = 1C5D08E428350CE90069FC63 /* Project object */;
}
